
Microsoft Visual Studio Solution File, Format Version 12.00
# Visual Studio Version 16
VisualStudioVersion = 16.0.30413.136
MinimumVisualStudioVersion = 10.0.40219.1
Project("{FAE04EC0-301F-11D3-BF4B-00C04F79EFBC}") = "AutoImplenebtedProperty", "AutoImplenebtedProperty\AutoImplenebtedProperty.csproj", "{11408E77-BF06-40B5-9B4A-6D6DF49423D2}"
EndProject
Global
	GlobalSection(SolutionConfigurationPlatforms) = preSolution
		Debug|Any CPU = Debug|Any CPU
		Release|Any CPU = Release|Any CPU
	EndGlobalSection
	GlobalSection(ProjectConfigurationPlatforms) = postSolution
		{11408E77-BF06-40B5-9B4A-6D6DF49423D2}.Debug|Any CPU.ActiveCfg = Debug|Any CPU
		{11408E77-BF06-40B5-9B4A-6D6DF49423D2}.Debug|Any CPU.Build.0 = Debug|Any CPU
		{11408E77-BF06-40B5-9B4A-6D6DF49423D2}.Release|Any CPU.ActiveCfg = Release|Any CPU
		{11408E77-BF06-40B5-9B4A-6D6DF49423D2}.Release|Any CPU.Build.0 = Release|Any CPU
	EndGlobalSection
	GlobalSection(SolutionProperties) = preSolution
		HideSolutionNode = FALSE
	EndGlobalSection
	GlobalSection(ExtensibilityGlobals) = postSolution
		SolutionGuid = {B1F1742B-C1A3-456D-981D-26A4F4832469}
	EndGlobalSection
EndGlobal
