
Microsoft Visual Studio Solution File, Format Version 12.00
# Visual Studio Version 16
VisualStudioVersion = 16.0.29123.88
MinimumVisualStudioVersion = 10.0.40219.1
Project("{FAE04EC0-301F-11D3-BF4B-00C04F79EFBC}") = "inher", "inher\inher.csproj", "{BCD89419-EBD3-4493-A13E-4261294C605B}"
EndProject
Global
	GlobalSection(SolutionConfigurationPlatforms) = preSolution
		Debug|Any CPU = Debug|Any CPU
		Release|Any CPU = Release|Any CPU
	EndGlobalSection
	GlobalSection(ProjectConfigurationPlatforms) = postSolution
		{BCD89419-EBD3-4493-A13E-4261294C605B}.Debug|Any CPU.ActiveCfg = Debug|Any CPU
		{BCD89419-EBD3-4493-A13E-4261294C605B}.Debug|Any CPU.Build.0 = Debug|Any CPU
		{BCD89419-EBD3-4493-A13E-4261294C605B}.Release|Any CPU.ActiveCfg = Release|Any CPU
		{BCD89419-EBD3-4493-A13E-4261294C605B}.Release|Any CPU.Build.0 = Release|Any CPU
	EndGlobalSection
	GlobalSection(SolutionProperties) = preSolution
		HideSolutionNode = FALSE
	EndGlobalSection
	GlobalSection(ExtensibilityGlobals) = postSolution
		SolutionGuid = {B0F0C656-6D36-4BAF-B695-6ACB1DBC172B}
	EndGlobalSection
EndGlobal
