
Microsoft Visual Studio Solution File, Format Version 12.00
# Visual Studio Version 16
VisualStudioVersion = 16.0.29123.88
MinimumVisualStudioVersion = 10.0.40219.1
Project("{FAE04EC0-301F-11D3-BF4B-00C04F79EFBC}") = "UsingApplication", "UsingApplication\UsingApplication.csproj", "{918F1853-DED1-47E5-9870-822459A4750C}"
EndProject
Global
	GlobalSection(SolutionConfigurationPlatforms) = preSolution
		Debug|Any CPU = Debug|Any CPU
		Release|Any CPU = Release|Any CPU
	EndGlobalSection
	GlobalSection(ProjectConfigurationPlatforms) = postSolution
		{918F1853-DED1-47E5-9870-822459A4750C}.Debug|Any CPU.ActiveCfg = Debug|Any CPU
		{918F1853-DED1-47E5-9870-822459A4750C}.Debug|Any CPU.Build.0 = Debug|Any CPU
		{918F1853-DED1-47E5-9870-822459A4750C}.Release|Any CPU.ActiveCfg = Release|Any CPU
		{918F1853-DED1-47E5-9870-822459A4750C}.Release|Any CPU.Build.0 = Release|Any CPU
	EndGlobalSection
	GlobalSection(SolutionProperties) = preSolution
		HideSolutionNode = FALSE
	EndGlobalSection
	GlobalSection(ExtensibilityGlobals) = postSolution
		SolutionGuid = {9F0B394C-FF22-4F5B-8D09-47D0DD888D36}
	EndGlobalSection
EndGlobal
