
Microsoft Visual Studio Solution File, Format Version 12.00
# Visual Studio Version 16
VisualStudioVersion = 16.0.30503.244
MinimumVisualStudioVersion = 10.0.40219.1
Project("{FAE04EC0-301F-11D3-BF4B-00C04F79EFBC}") = "DataBaseView", "DataBaseView\DataBaseView.csproj", "{FA57669D-3791-46CF-8A56-462CE4D6915A}"
EndProject
Global
	GlobalSection(SolutionConfigurationPlatforms) = preSolution
		Debug|Any CPU = Debug|Any CPU
		Release|Any CPU = Release|Any CPU
	EndGlobalSection
	GlobalSection(ProjectConfigurationPlatforms) = postSolution
		{FA57669D-3791-46CF-8A56-462CE4D6915A}.Debug|Any CPU.ActiveCfg = Debug|Any CPU
		{FA57669D-3791-46CF-8A56-462CE4D6915A}.Debug|Any CPU.Build.0 = Debug|Any CPU
		{FA57669D-3791-46CF-8A56-462CE4D6915A}.Release|Any CPU.ActiveCfg = Release|Any CPU
		{FA57669D-3791-46CF-8A56-462CE4D6915A}.Release|Any CPU.Build.0 = Release|Any CPU
	EndGlobalSection
	GlobalSection(SolutionProperties) = preSolution
		HideSolutionNode = FALSE
	EndGlobalSection
	GlobalSection(ExtensibilityGlobals) = postSolution
		SolutionGuid = {2CE0F716-BC91-4469-8E29-B13B1B270218}
	EndGlobalSection
EndGlobal
