
Microsoft Visual Studio Solution File, Format Version 12.00
# Visual Studio Version 16
VisualStudioVersion = 16.0.30413.136
MinimumVisualStudioVersion = 10.0.40219.1
Project("{FAE04EC0-301F-11D3-BF4B-00C04F79EFBC}") = "Touch", "Touch\Touch.csproj", "{7354F933-5463-4FD0-933E-56693E7D52D4}"
EndProject
Global
	GlobalSection(SolutionConfigurationPlatforms) = preSolution
		Debug|Any CPU = Debug|Any CPU
		Release|Any CPU = Release|Any CPU
	EndGlobalSection
	GlobalSection(ProjectConfigurationPlatforms) = postSolution
		{7354F933-5463-4FD0-933E-56693E7D52D4}.Debug|Any CPU.ActiveCfg = Debug|Any CPU
		{7354F933-5463-4FD0-933E-56693E7D52D4}.Debug|Any CPU.Build.0 = Debug|Any CPU
		{7354F933-5463-4FD0-933E-56693E7D52D4}.Release|Any CPU.ActiveCfg = Release|Any CPU
		{7354F933-5463-4FD0-933E-56693E7D52D4}.Release|Any CPU.Build.0 = Release|Any CPU
	EndGlobalSection
	GlobalSection(SolutionProperties) = preSolution
		HideSolutionNode = FALSE
	EndGlobalSection
	GlobalSection(ExtensibilityGlobals) = postSolution
		SolutionGuid = {88BD5E34-4B11-4A73-A721-64ED7E73AEB6}
	EndGlobalSection
EndGlobal
