
Microsoft Visual Studio Solution File, Format Version 12.00
# Visual Studio Version 16
VisualStudioVersion = 16.0.29123.88
MinimumVisualStudioVersion = 10.0.40219.1
Project("{FAE04EC0-301F-11D3-BF4B-00C04F79EFBC}") = "Structure", "Structure\Structure.csproj", "{65038C4D-5441-446D-9D5B-682B8AD01ECA}"
EndProject
Global
	GlobalSection(SolutionConfigurationPlatforms) = preSolution
		Debug|Any CPU = Debug|Any CPU
		Release|Any CPU = Release|Any CPU
	EndGlobalSection
	GlobalSection(ProjectConfigurationPlatforms) = postSolution
		{65038C4D-5441-446D-9D5B-682B8AD01ECA}.Debug|Any CPU.ActiveCfg = Debug|Any CPU
		{65038C4D-5441-446D-9D5B-682B8AD01ECA}.Debug|Any CPU.Build.0 = Debug|Any CPU
		{65038C4D-5441-446D-9D5B-682B8AD01ECA}.Release|Any CPU.ActiveCfg = Release|Any CPU
		{65038C4D-5441-446D-9D5B-682B8AD01ECA}.Release|Any CPU.Build.0 = Release|Any CPU
	EndGlobalSection
	GlobalSection(SolutionProperties) = preSolution
		HideSolutionNode = FALSE
	EndGlobalSection
	GlobalSection(ExtensibilityGlobals) = postSolution
		SolutionGuid = {686D1684-2F8F-4FC2-9826-9B879595D65C}
	EndGlobalSection
EndGlobal
