
Microsoft Visual Studio Solution File, Format Version 12.00
# Visual Studio Version 16
VisualStudioVersion = 16.0.30413.136
MinimumVisualStudioVersion = 10.0.40219.1
Project("{FAE04EC0-301F-11D3-BF4B-00C04F79EFBC}") = "BinaryFile", "BinaryFile\BinaryFile.csproj", "{B331F203-ABD5-4D37-BB30-E9DEB919A480}"
EndProject
Global
	GlobalSection(SolutionConfigurationPlatforms) = preSolution
		Debug|Any CPU = Debug|Any CPU
		Release|Any CPU = Release|Any CPU
	EndGlobalSection
	GlobalSection(ProjectConfigurationPlatforms) = postSolution
		{B331F203-ABD5-4D37-BB30-E9DEB919A480}.Debug|Any CPU.ActiveCfg = Debug|Any CPU
		{B331F203-ABD5-4D37-BB30-E9DEB919A480}.Debug|Any CPU.Build.0 = Debug|Any CPU
		{B331F203-ABD5-4D37-BB30-E9DEB919A480}.Release|Any CPU.ActiveCfg = Release|Any CPU
		{B331F203-ABD5-4D37-BB30-E9DEB919A480}.Release|Any CPU.Build.0 = Release|Any CPU
	EndGlobalSection
	GlobalSection(SolutionProperties) = preSolution
		HideSolutionNode = FALSE
	EndGlobalSection
	GlobalSection(ExtensibilityGlobals) = postSolution
		SolutionGuid = {271B6892-7017-4E27-86B1-763E1D8BC5E8}
	EndGlobalSection
EndGlobal
