
Microsoft Visual Studio Solution File, Format Version 12.00
# Visual Studio Version 16
VisualStudioVersion = 16.0.30413.136
MinimumVisualStudioVersion = 10.0.40219.1
Project("{FAE04EC0-301F-11D3-BF4B-00C04F79EFBC}") = "AbstractClass", "AbstractClass\AbstractClass.csproj", "{1D559992-8145-4278-B9F5-3BE996BAAA0B}"
EndProject
Global
	GlobalSection(SolutionConfigurationPlatforms) = preSolution
		Debug|Any CPU = Debug|Any CPU
		Release|Any CPU = Release|Any CPU
	EndGlobalSection
	GlobalSection(ProjectConfigurationPlatforms) = postSolution
		{1D559992-8145-4278-B9F5-3BE996BAAA0B}.Debug|Any CPU.ActiveCfg = Debug|Any CPU
		{1D559992-8145-4278-B9F5-3BE996BAAA0B}.Debug|Any CPU.Build.0 = Debug|Any CPU
		{1D559992-8145-4278-B9F5-3BE996BAAA0B}.Release|Any CPU.ActiveCfg = Release|Any CPU
		{1D559992-8145-4278-B9F5-3BE996BAAA0B}.Release|Any CPU.Build.0 = Release|Any CPU
	EndGlobalSection
	GlobalSection(SolutionProperties) = preSolution
		HideSolutionNode = FALSE
	EndGlobalSection
	GlobalSection(ExtensibilityGlobals) = postSolution
		SolutionGuid = {2F645FFA-B148-491F-9621-2F5AED5D07C7}
	EndGlobalSection
EndGlobal
